
Microsoft Visual Studio Solution File, Format Version 12.00
# Visual Studio Version 17
VisualStudioVersion = 17.0.31903.59
MinimumVisualStudioVersion = 10.0.40219.1
Project("{2150E333-8FDC-42A3-9474-1A3956D46DE8}") = "src", "src", "{827E0CD3-B72D-47B6-A68D-7590B98EB39B}"
EndProject
Project("{FAE04EC0-301F-11D3-BF4B-00C04F79EFBC}") = "ExcelMcp.Server", "src\ExcelMcp.Server\ExcelMcp.Server.csproj", "{C3B6A679-6D05-4482-9E65-7188CD493678}"
EndProject
Project("{FAE04EC0-301F-11D3-BF4B-00C04F79EFBC}") = "ExcelMcp.Client", "src\ExcelMcp.Client\ExcelMcp.Client.csproj", "{277BA5E2-83E2-4B6F-A7DE-AD72E1F2AA7F}"
EndProject
Project("{FAE04EC0-301F-11D3-BF4B-00C04F79EFBC}") = "ExcelMcp.Contracts", "src\ExcelMcp.Contracts\ExcelMcp.Contracts.csproj", "{617F95A4-A0E4-45C4-98EB-60906D808B71}"
EndProject
Global
	GlobalSection(SolutionConfigurationPlatforms) = preSolution
		Debug|Any CPU = Debug|Any CPU
		Debug|x64 = Debug|x64
		Debug|x86 = Debug|x86
		Release|Any CPU = Release|Any CPU
		Release|x64 = Release|x64
		Release|x86 = Release|x86
	EndGlobalSection
	GlobalSection(ProjectConfigurationPlatforms) = postSolution
		{C3B6A679-6D05-4482-9E65-7188CD493678}.Debug|Any CPU.ActiveCfg = Debug|Any CPU
		{C3B6A679-6D05-4482-9E65-7188CD493678}.Debug|Any CPU.Build.0 = Debug|Any CPU
		{C3B6A679-6D05-4482-9E65-7188CD493678}.Debug|x64.ActiveCfg = Debug|Any CPU
		{C3B6A679-6D05-4482-9E65-7188CD493678}.Debug|x64.Build.0 = Debug|Any CPU
		{C3B6A679-6D05-4482-9E65-7188CD493678}.Debug|x86.ActiveCfg = Debug|Any CPU
		{C3B6A679-6D05-4482-9E65-7188CD493678}.Debug|x86.Build.0 = Debug|Any CPU
		{C3B6A679-6D05-4482-9E65-7188CD493678}.Release|Any CPU.ActiveCfg = Release|Any CPU
		{C3B6A679-6D05-4482-9E65-7188CD493678}.Release|Any CPU.Build.0 = Release|Any CPU
		{C3B6A679-6D05-4482-9E65-7188CD493678}.Release|x64.ActiveCfg = Release|Any CPU
		{C3B6A679-6D05-4482-9E65-7188CD493678}.Release|x64.Build.0 = Release|Any CPU
		{C3B6A679-6D05-4482-9E65-7188CD493678}.Release|x86.ActiveCfg = Release|Any CPU
		{C3B6A679-6D05-4482-9E65-7188CD493678}.Release|x86.Build.0 = Release|Any CPU
		{277BA5E2-83E2-4B6F-A7DE-AD72E1F2AA7F}.Debug|Any CPU.ActiveCfg = Debug|Any CPU
		{277BA5E2-83E2-4B6F-A7DE-AD72E1F2AA7F}.Debug|Any CPU.Build.0 = Debug|Any CPU
		{277BA5E2-83E2-4B6F-A7DE-AD72E1F2AA7F}.Debug|x64.ActiveCfg = Debug|Any CPU
		{277BA5E2-83E2-4B6F-A7DE-AD72E1F2AA7F}.Debug|x64.Build.0 = Debug|Any CPU
		{277BA5E2-83E2-4B6F-A7DE-AD72E1F2AA7F}.Debug|x86.ActiveCfg = Debug|Any CPU
		{277BA5E2-83E2-4B6F-A7DE-AD72E1F2AA7F}.Debug|x86.Build.0 = Debug|Any CPU
		{277BA5E2-83E2-4B6F-A7DE-AD72E1F2AA7F}.Release|Any CPU.ActiveCfg = Release|Any CPU
		{277BA5E2-83E2-4B6F-A7DE-AD72E1F2AA7F}.Release|Any CPU.Build.0 = Release|Any CPU
		{277BA5E2-83E2-4B6F-A7DE-AD72E1F2AA7F}.Release|x64.ActiveCfg = Release|Any CPU
		{277BA5E2-83E2-4B6F-A7DE-AD72E1F2AA7F}.Release|x64.Build.0 = Release|Any CPU
		{277BA5E2-83E2-4B6F-A7DE-AD72E1F2AA7F}.Release|x86.ActiveCfg = Release|Any CPU
		{277BA5E2-83E2-4B6F-A7DE-AD72E1F2AA7F}.Release|x86.Build.0 = Release|Any CPU
		{617F95A4-A0E4-45C4-98EB-60906D808B71}.Debug|Any CPU.ActiveCfg = Debug|Any CPU
		{617F95A4-A0E4-45C4-98EB-60906D808B71}.Debug|Any CPU.Build.0 = Debug|Any CPU
		{617F95A4-A0E4-45C4-98EB-60906D808B71}.Debug|x64.ActiveCfg = Debug|Any CPU
		{617F95A4-A0E4-45C4-98EB-60906D808B71}.Debug|x64.Build.0 = Debug|Any CPU
		{617F95A4-A0E4-45C4-98EB-60906D808B71}.Debug|x86.ActiveCfg = Debug|Any CPU
		{617F95A4-A0E4-45C4-98EB-60906D808B71}.Debug|x86.Build.0 = Debug|Any CPU
		{617F95A4-A0E4-45C4-98EB-60906D808B71}.Release|Any CPU.ActiveCfg = Release|Any CPU
		{617F95A4-A0E4-45C4-98EB-60906D808B71}.Release|Any CPU.Build.0 = Release|Any CPU
		{617F95A4-A0E4-45C4-98EB-60906D808B71}.Release|x64.ActiveCfg = Release|Any CPU
		{617F95A4-A0E4-45C4-98EB-60906D808B71}.Release|x64.Build.0 = Release|Any CPU
		{617F95A4-A0E4-45C4-98EB-60906D808B71}.Release|x86.ActiveCfg = Release|Any CPU
		{617F95A4-A0E4-45C4-98EB-60906D808B71}.Release|x86.Build.0 = Release|Any CPU
	EndGlobalSection
	GlobalSection(SolutionProperties) = preSolution
		HideSolutionNode = FALSE
	EndGlobalSection
	GlobalSection(NestedProjects) = preSolution
		{C3B6A679-6D05-4482-9E65-7188CD493678} = {827E0CD3-B72D-47B6-A68D-7590B98EB39B}
		{277BA5E2-83E2-4B6F-A7DE-AD72E1F2AA7F} = {827E0CD3-B72D-47B6-A68D-7590B98EB39B}
		{617F95A4-A0E4-45C4-98EB-60906D808B71} = {827E0CD3-B72D-47B6-A68D-7590B98EB39B}
	EndGlobalSection
EndGlobal
