
Microsoft Visual Studio Solution File, Format Version 12.00
# Visual Studio Version 17
VisualStudioVersion = 17.0.31903.59
MinimumVisualStudioVersion = 10.0.40219.1
Project("{FAE04EC0-301F-11D3-BF4B-00C04F79EFBC}") = "ExcelMcp.Core", "ExcelMcp.Core\ExcelMcp.Core.csproj", "{57F8BBB1-2118-4BAE-AB8E-0A9E63884E54}"
EndProject
Project("{FAE04EC0-301F-11D3-BF4B-00C04F79EFBC}") = "ExcelMcp.Host", "ExcelMcp.Host\ExcelMcp.Host.csproj", "{94802189-70C2-400E-A006-EB709E1FB927}"
EndProject
Project("{9A19103F-16F7-4668-BE54-9A1E7A4F7556}") = "ExcelMcp.Adapter", "ExcelMcp.Adapter\ExcelMcp.Adapter.csproj", "{5C7F0C89-2B85-4B6F-8B82-5DF1A1F3E2B4}"
EndProject
Project("{FAE04EC0-301F-11D3-BF4B-00C04F79EFBC}") = "ExcelMcp.Tests", "ExcelMcp.Tests\ExcelMcp.Tests.csproj", "{00B30269-36BC-4D35-9419-826B0D5EC974}"
EndProject
Project("{FAE04EC0-301F-11D3-BF4B-00C04F79EFBC}") = "ExcelMcp.Client", "ExcelMcp.Client\ExcelMcp.Client.csproj", "{58F1C91E-8E8D-4B8A-8D65-50C73DE3C1B3}"
EndProject
Global
	GlobalSection(SolutionConfigurationPlatforms) = preSolution
		Debug|Any CPU = Debug|Any CPU
		Debug|x64 = Debug|x64
		Debug|x86 = Debug|x86
		Release|Any CPU = Release|Any CPU
		Release|x64 = Release|x64
		Release|x86 = Release|x86
	EndGlobalSection
	GlobalSection(ProjectConfigurationPlatforms) = postSolution
		{57F8BBB1-2118-4BAE-AB8E-0A9E63884E54}.Debug|Any CPU.ActiveCfg = Debug|Any CPU
		{57F8BBB1-2118-4BAE-AB8E-0A9E63884E54}.Debug|Any CPU.Build.0 = Debug|Any CPU
		{57F8BBB1-2118-4BAE-AB8E-0A9E63884E54}.Debug|x64.ActiveCfg = Debug|Any CPU
		{57F8BBB1-2118-4BAE-AB8E-0A9E63884E54}.Debug|x64.Build.0 = Debug|Any CPU
		{57F8BBB1-2118-4BAE-AB8E-0A9E63884E54}.Debug|x86.ActiveCfg = Debug|Any CPU
		{57F8BBB1-2118-4BAE-AB8E-0A9E63884E54}.Debug|x86.Build.0 = Debug|Any CPU
		{57F8BBB1-2118-4BAE-AB8E-0A9E63884E54}.Release|Any CPU.ActiveCfg = Release|Any CPU
		{57F8BBB1-2118-4BAE-AB8E-0A9E63884E54}.Release|Any CPU.Build.0 = Release|Any CPU
		{57F8BBB1-2118-4BAE-AB8E-0A9E63884E54}.Release|x64.ActiveCfg = Release|Any CPU
		{57F8BBB1-2118-4BAE-AB8E-0A9E63884E54}.Release|x64.Build.0 = Release|Any CPU
		{57F8BBB1-2118-4BAE-AB8E-0A9E63884E54}.Release|x86.ActiveCfg = Release|Any CPU
		{57F8BBB1-2118-4BAE-AB8E-0A9E63884E54}.Release|x86.Build.0 = Release|Any CPU
		{94802189-70C2-400E-A006-EB709E1FB927}.Debug|Any CPU.ActiveCfg = Debug|Any CPU
		{94802189-70C2-400E-A006-EB709E1FB927}.Debug|Any CPU.Build.0 = Debug|Any CPU
		{94802189-70C2-400E-A006-EB709E1FB927}.Debug|x64.ActiveCfg = Debug|Any CPU
		{94802189-70C2-400E-A006-EB709E1FB927}.Debug|x64.Build.0 = Debug|Any CPU
		{94802189-70C2-400E-A006-EB709E1FB927}.Debug|x86.ActiveCfg = Debug|Any CPU
		{94802189-70C2-400E-A006-EB709E1FB927}.Debug|x86.Build.0 = Debug|Any CPU
		{94802189-70C2-400E-A006-EB709E1FB927}.Release|Any CPU.ActiveCfg = Release|Any CPU
		{94802189-70C2-400E-A006-EB709E1FB927}.Release|Any CPU.Build.0 = Release|Any CPU
		{94802189-70C2-400E-A006-EB709E1FB927}.Release|x64.ActiveCfg = Release|Any CPU
		{94802189-70C2-400E-A006-EB709E1FB927}.Release|x64.Build.0 = Release|Any CPU
		{94802189-70C2-400E-A006-EB709E1FB927}.Release|x86.ActiveCfg = Release|Any CPU
		{94802189-70C2-400E-A006-EB709E1FB927}.Release|x86.Build.0 = Release|Any CPU
		{00B30269-36BC-4D35-9419-826B0D5EC974}.Debug|Any CPU.ActiveCfg = Debug|Any CPU
		{00B30269-36BC-4D35-9419-826B0D5EC974}.Debug|Any CPU.Build.0 = Debug|Any CPU
		{00B30269-36BC-4D35-9419-826B0D5EC974}.Debug|x64.ActiveCfg = Debug|Any CPU
		{00B30269-36BC-4D35-9419-826B0D5EC974}.Debug|x64.Build.0 = Debug|Any CPU
		{00B30269-36BC-4D35-9419-826B0D5EC974}.Debug|x86.ActiveCfg = Debug|Any CPU
		{00B30269-36BC-4D35-9419-826B0D5EC974}.Debug|x86.Build.0 = Debug|Any CPU
		{00B30269-36BC-4D35-9419-826B0D5EC974}.Release|Any CPU.ActiveCfg = Release|Any CPU
		{00B30269-36BC-4D35-9419-826B0D5EC974}.Release|Any CPU.Build.0 = Release|Any CPU
		{00B30269-36BC-4D35-9419-826B0D5EC974}.Release|x64.ActiveCfg = Release|Any CPU
		{00B30269-36BC-4D35-9419-826B0D5EC974}.Release|x64.Build.0 = Release|Any CPU
		{00B30269-36BC-4D35-9419-826B0D5EC974}.Release|x86.ActiveCfg = Release|Any CPU
		{00B30269-36BC-4D35-9419-826B0D5EC974}.Release|x86.Build.0 = Release|Any CPU
		{58F1C91E-8E8D-4B8A-8D65-50C73DE3C1B3}.Debug|Any CPU.ActiveCfg = Debug|Any CPU
		{58F1C91E-8E8D-4B8A-8D65-50C73DE3C1B3}.Debug|Any CPU.Build.0 = Debug|Any CPU
		{58F1C91E-8E8D-4B8A-8D65-50C73DE3C1B3}.Debug|x64.ActiveCfg = Debug|Any CPU
		{58F1C91E-8E8D-4B8A-8D65-50C73DE3C1B3}.Debug|x64.Build.0 = Debug|Any CPU
		{58F1C91E-8E8D-4B8A-8D65-50C73DE3C1B3}.Debug|x86.ActiveCfg = Debug|Any CPU
		{58F1C91E-8E8D-4B8A-8D65-50C73DE3C1B3}.Debug|x86.Build.0 = Debug|Any CPU
		{58F1C91E-8E8D-4B8A-8D65-50C73DE3C1B3}.Release|Any CPU.ActiveCfg = Release|Any CPU
		{58F1C91E-8E8D-4B8A-8D65-50C73DE3C1B3}.Release|Any CPU.Build.0 = Release|Any CPU
		{58F1C91E-8E8D-4B8A-8D65-50C73DE3C1B3}.Release|x64.ActiveCfg = Release|Any CPU
		{58F1C91E-8E8D-4B8A-8D65-50C73DE3C1B3}.Release|x64.Build.0 = Release|Any CPU
		{58F1C91E-8E8D-4B8A-8D65-50C73DE3C1B3}.Release|x86.ActiveCfg = Release|Any CPU
		{58F1C91E-8E8D-4B8A-8D65-50C73DE3C1B3}.Release|x86.Build.0 = Release|Any CPU
	EndGlobalSection
	GlobalSection(SolutionProperties) = preSolution
		HideSolutionNode = FALSE
	EndGlobalSection
EndGlobal
